
Microsoft Visual Studio Solution File, Format Version 12.00
Project("{FAE04EC0-301F-11D3-BF4B-00C04F79EFBC}") = "KeyValueStore", "KeyValueStore\KeyValueStore.csproj", "{3DA81D78-8C7B-4374-B59D-6143F7E78329}"
EndProject
Project("{2150E333-8FDC-42A3-9474-1A3956D46DE8}") = "Solution Items", "Solution Items", "{32BB6FF6-7963-4D70-BAE7-8EF4EDEACC84}"
	ProjectSection(SolutionItems) = preProject
		docker-compose.yml = docker-compose.yml
	EndProjectSection
EndProject
Global
	GlobalSection(SolutionConfigurationPlatforms) = preSolution
		Debug|Any CPU = Debug|Any CPU
		Release|Any CPU = Release|Any CPU
	EndGlobalSection
	GlobalSection(ProjectConfigurationPlatforms) = postSolution
		{3DA81D78-8C7B-4374-B59D-6143F7E78329}.Debug|Any CPU.ActiveCfg = Debug|Any CPU
		{3DA81D78-8C7B-4374-B59D-6143F7E78329}.Debug|Any CPU.Build.0 = Debug|Any CPU
		{3DA81D78-8C7B-4374-B59D-6143F7E78329}.Release|Any CPU.ActiveCfg = Release|Any CPU
		{3DA81D78-8C7B-4374-B59D-6143F7E78329}.Release|Any CPU.Build.0 = Release|Any CPU
	EndGlobalSection
EndGlobal
